
Microsoft Visual Studio Solution File, Format Version 12.00
# Visual Studio Version 17
VisualStudioVersion = 17.7.34024.191
MinimumVisualStudioVersion = 10.0.40219.1
Project("{9A19103F-16F7-4668-BE54-9A1E7A4F7556}") = "DJIControlClient", "src\DJIControlClient.csproj", "{E97A834D-B689-4C73-A5B0-EB858A86BD04}"
EndProject
Project("{FAE04EC0-301F-11D3-BF4B-00C04F79EFBC}") = "ExampleGUI", "example_gui\ExampleGUI.csproj", "{8C0D235C-311A-469B-9369-6198D828A021}"
EndProject
Global
	GlobalSection(SolutionConfigurationPlatforms) = preSolution
		Debug|Any CPU = Debug|Any CPU
		Release|Any CPU = Release|Any CPU
	EndGlobalSection
	GlobalSection(ProjectConfigurationPlatforms) = postSolution
		{E97A834D-B689-4C73-A5B0-EB858A86BD04}.Debug|Any CPU.ActiveCfg = Debug|Any CPU
		{E97A834D-B689-4C73-A5B0-EB858A86BD04}.Debug|Any CPU.Build.0 = Debug|Any CPU
		{E97A834D-B689-4C73-A5B0-EB858A86BD04}.Release|Any CPU.ActiveCfg = Release|Any CPU
		{E97A834D-B689-4C73-A5B0-EB858A86BD04}.Release|Any CPU.Build.0 = Release|Any CPU
		{8C0D235C-311A-469B-9369-6198D828A021}.Debug|Any CPU.ActiveCfg = Debug|Any CPU
		{8C0D235C-311A-469B-9369-6198D828A021}.Debug|Any CPU.Build.0 = Debug|Any CPU
		{8C0D235C-311A-469B-9369-6198D828A021}.Release|Any CPU.ActiveCfg = Release|Any CPU
		{8C0D235C-311A-469B-9369-6198D828A021}.Release|Any CPU.Build.0 = Release|Any CPU
	EndGlobalSection
	GlobalSection(SolutionProperties) = preSolution
		HideSolutionNode = FALSE
	EndGlobalSection
	GlobalSection(ExtensibilityGlobals) = postSolution
		SolutionGuid = {FA2A370E-1C5C-459C-9E9A-79388C86DF83}
	EndGlobalSection
EndGlobal
